{
    "_readme": [
        "This file locks the dependencies of your project to a known state",
        "Read more about it at http://getcomposer.org/doc/01-basic-usage.md#composer-lock-the-lock-file"
    ],
    "hash": "89db476da0afcd518e97618ac51ea37f",
    "packages": [
        {
            "name": "zendframework/zend-config",
            "version": "2.2.4",
            "target-dir": "Zend/Config",
            "source": {
                "type": "git",
                "url": "https://github.com/zendframework/Component_ZendConfig.git",
                "reference": "66c41423c7e461f58e33e241cdc6fe6dc4d6cee7"
            },
            "dist": {
                "type": "zip",
                "url": "https://packages.zendframework.com/composer/zendframework-zend-config-66c41423c7e461f58e33e241cdc6fe6dc4d6cee7-zip-f1e899.zip",
                "reference": "2.2.4",
                "shasum": "e23da90fe309fd73265c6cb6343de18d90744265"
            },
            "require": {
                "php": ">=5.3.3",
                "zendframework/zend-stdlib": "self.version"
            },
            "suggest": {
                "zendframework/zend-json": "Zend\\Json to use the Json reader or writer classes",
                "zendframework/zend-servicemanager": "Zend\\ServiceManager for use with the Config Factory to retrieve reader and writer instances"
            },
            "type": "library",
            "extra": {
                "branch-alias": {
                    "dev-master": "2.2-dev",
                    "dev-develop": "2.3-dev"
                }
            },
            "autoload": {
                "psr-0": {
                    "Zend\\Config\\": ""
                }
            },
            "license": [
                "BSD-3-Clause"
            ],
            "description": "provides a nested object property based user interface for accessing this configuration data within application code",
            "keywords": [
                "config",
                "zf2"
            ],
            "support": {
                "source": "https://github.com/zendframework/Component_ZendConfig/tree/release-2.2.3"
            },
            "time": "2013-08-21 17:06:49"
        },
        {
            "name": "zendframework/zend-json",
            "version": "2.2.4",
            "target-dir": "Zend/Json",
            "source": {
                "type": "git",
                "url": "https://github.com/zendframework/Component_ZendJson.git",
                "reference": "50d967d5ed65d46a4f49f8a35821c3d8f4ea42f7"
            },
            "dist": {
                "type": "zip",
                "url": "https://packages.zendframework.com/composer/zendframework-zend-json-50d967d5ed65d46a4f49f8a35821c3d8f4ea42f7-zip-a05207.zip",
                "reference": "2.2.4",
                "shasum": "b177167d02ccb7ad22e5b47a026ea6bea93cd49d"
            },
            "require": {
                "php": ">=5.3.3",
                "zendframework/zend-stdlib": "self.version"
            },
            "suggest": {
                "zendframework/zend-server": "Zend\\Server component"
            },
            "type": "library",
            "extra": {
                "branch-alias": {
                    "dev-master": "2.2-dev",
                    "dev-develop": "2.3-dev"
                }
            },
            "autoload": {
                "psr-0": {
                    "Zend\\Json\\": ""
                }
            },
            "license": [
                "BSD-3-Clause"
            ],
            "description": "provides convenience methods for serializing native PHP to JSON and decoding JSON to native PHP",
            "keywords": [
                "json",
                "zf2"
            ],
            "support": {
                "source": "https://github.com/zendframework/Component_ZendJson/tree/release-2.2.3"
            },
            "time": "2013-08-21 17:07:11"
        },
        {
            "name": "zendframework/zend-loader",
            "version": "2.2.4",
            "target-dir": "Zend/Loader",
            "source": {
                "type": "git",
                "url": "https://github.com/zendframework/Component_ZendLoader.git",
                "reference": "11a952589d37879d92fee78e70eed731c1073ed3"
            },
            "dist": {
                "type": "zip",
                "url": "https://packages.zendframework.com/composer/zendframework-zend-loader-11a952589d37879d92fee78e70eed731c1073ed3-zip-3d70cc.zip",
                "reference": "2.2.4",
                "shasum": "cfae59e01f6aeda1aaea343e3e66846bbb6c29d9"
            },
            "require": {
                "php": ">=5.3.3"
            },
            "suggest": {
                "zendframework/zend-stdlib": "Zend\\Stdlib component"
            },
            "type": "library",
            "extra": {
                "branch-alias": {
                    "dev-master": "2.2-dev",
                    "dev-develop": "2.3-dev"
                }
            },
            "autoload": {
                "psr-0": {
                    "Zend\\Loader\\": ""
                }
            },
            "license": [
                "BSD-3-Clause"
            ],
            "description": " ",
            "keywords": [
                "loader",
                "zf2"
            ],
            "support": {
                "source": "https://github.com/zendframework/Component_ZendLoader/tree/release-2.2.3"
            },
            "time": "2013-08-21 17:07:14"
        },
        {
            "name": "zendframework/zend-log",
            "version": "2.2.4",
            "target-dir": "Zend/Log",
            "source": {
                "type": "git",
                "url": "https://github.com/zendframework/Component_ZendLog.git",
                "reference": "24145d2b292bc9e8ec862c246af50d0a73ff63f3"
            },
            "dist": {
                "type": "zip",
                "url": "https://packages.zendframework.com/composer/zendframework-zend-log-24145d2b292bc9e8ec862c246af50d0a73ff63f3-zip-3c6a5f.zip",
                "reference": "2.2.4",
                "shasum": "e07007087cce54e12183174ca775fd996e043ff2"
            },
            "require": {
                "php": ">=5.3.3",
                "zendframework/zend-servicemanager": "self.version",
                "zendframework/zend-stdlib": "self.version"
            },
            "suggest": {
                "ext-mongo": "*",
                "zendframework/zend-db": "Zend\\Db component",
                "zendframework/zend-escaper": "Zend\\Escaper component, for use in the XML formatter",
                "zendframework/zend-mail": "Zend\\Mail component",
                "zendframework/zend-validator": "Zend\\Validator component"
            },
            "type": "library",
            "extra": {
                "branch-alias": {
                    "dev-master": "2.2-dev",
                    "dev-develop": "2.3-dev"
                }
            },
            "autoload": {
                "psr-0": {
                    "Zend\\Log\\": ""
                }
            },
            "license": [
                "BSD-3-Clause"
            ],
            "description": "component for general purpose logging",
            "keywords": [
                "log",
                "logging",
                "zf2"
            ],
            "support": {
                "source": "https://github.com/zendframework/Component_ZendLog/tree/release-2.2.3"
            },
            "time": "2013-08-21 17:07:17"
        },
        {
            "name": "zendframework/zend-servicemanager",
            "version": "2.2.4",
            "target-dir": "Zend/ServiceManager",
            "source": {
                "type": "git",
                "url": "https://github.com/zendframework/Component_ZendServiceManager.git",
                "reference": "e05c29f8d7da6e2c26d2d8b334324932a73afa78"
            },
            "dist": {
                "type": "zip",
                "url": "https://packages.zendframework.com/composer/zendframework-zend-servicemanager-e05c29f8d7da6e2c26d2d8b334324932a73afa78-zip-f7214e.zip",
                "reference": "2.2.4",
                "shasum": "6949fad3959afa679f877c06facfc9ecaa0f89b8"
            },
            "require": {
                "php": ">=5.3.3"
            },
            "suggest": {
                "zendframework/zend-di": "Zend\\Di component"
            },
            "type": "library",
            "extra": {
                "branch-alias": {
                    "dev-master": "2.2-dev",
                    "dev-develop": "2.3-dev"
                }
            },
            "autoload": {
                "psr-0": {
                    "Zend\\ServiceManager\\": ""
                }
            },
            "license": [
                "BSD-3-Clause"
            ],
            "description": " ",
            "keywords": [
                "servicemanager",
                "zf2"
            ],
            "support": {
                "source": "https://github.com/zendframework/Component_ZendServiceManager/tree/release-2.2.3"
            },
            "time": "2013-08-21 17:07:36"
        },
        {
            "name": "zendframework/zend-stdlib",
            "version": "2.2.4",
            "target-dir": "Zend/Stdlib",
            "source": {
                "type": "git",
                "url": "https://github.com/zendframework/Component_ZendStdlib.git",
                "reference": "7c87ce4e840957596bf3401fa4ae4fb0355682e2"
            },
            "dist": {
                "type": "zip",
                "url": "https://packages.zendframework.com/composer/zendframework-zend-stdlib-7c87ce4e840957596bf3401fa4ae4fb0355682e2-zip-ac5a1a.zip",
                "reference": "2.2.4",
                "shasum": "eda09687763db7ad8ce8908a7f89f3ce0daa9f1d"
            },
            "require": {
                "php": ">=5.3.3"
            },
            "suggest": {
                "zendframework/zend-eventmanager": "To support aggregate hydrator usage",
                "zendframework/zend-servicemanager": "To support hydrator plugin manager usage"
            },
            "type": "library",
            "extra": {
                "branch-alias": {
                    "dev-master": "2.2-dev",
                    "dev-develop": "2.3-dev"
                }
            },
            "autoload": {
                "psr-0": {
                    "Zend\\Stdlib\\": ""
                }
            },
            "license": [
                "BSD-3-Clause"
            ],
            "description": " ",
            "keywords": [
                "stdlib",
                "zf2"
            ],
            "support": {
                "source": "https://github.com/zendframework/Component_ZendStdlib/tree/release-2.2.3"
            },
            "time": "2013-08-21 17:08:07"
        }
    ],
    "packages-dev": [

    ],
    "aliases": [

    ],
    "minimum-stability": "stable",
    "stability-flags": [

    ],
    "platform": [

    ],
    "platform-dev": [

    ]
}
